<?xml version="1.0" encoding="UTF-8"?>
<Scheme LastUpgradeVersion="2660" version="1.7">
   <BuildAction parallelizeBuildables="YES" buildImplicitDependencies="YES" buildArchitectures="Automatic">
      <BuildActionEntries>
         <BuildActionEntry buildForTesting="YES" buildForRunning="YES" buildForProfiling="YES" buildForArchiving="YES" buildForAnalyzing="YES">
            <BuildableReference BuildableIdentifier="primary" BlueprintIdentifier="6469B0873052692A008997FF" BuildableName="Pages Ahead.app" BlueprintName="Pages Ahead" ReferencedContainer="container:Pages Ahead.xcodeproj"/>
         </BuildActionEntry>
         <BuildActionEntry buildForTesting="YES" buildForRunning="NO" buildForProfiling="NO" buildForArchiving="NO" buildForAnalyzing="NO">
            <BuildableReference BuildableIdentifier="primary" BlueprintIdentifier="AAA000000000000000000006" BuildableName="Pages AheadTests.xctest" BlueprintName="Pages AheadTests" ReferencedContainer="container:Pages Ahead.xcodeproj"/>
         </BuildActionEntry>
         <BuildActionEntry buildForTesting="YES" buildForRunning="NO" buildForProfiling="NO" buildForArchiving="NO" buildForAnalyzing="NO">
            <BuildableReference BuildableIdentifier="primary" BlueprintIdentifier="BBB000000000000000000006" BuildableName="Pages AheadUITests.xctest" BlueprintName="Pages AheadUITests" ReferencedContainer="container:Pages Ahead.xcodeproj"/>
         </BuildActionEntry>
      </BuildActionEntries>
   </BuildAction>
   <TestAction buildConfiguration="Debug" selectedDebuggerIdentifier="Xcode.DebuggerFoundation.Debugger.LLDB" selectedLauncherIdentifier="Xcode.DebuggerFoundation.Launcher.LLDB" shouldUseLaunchSchemeArgsEnv="YES">
      <Testables>
         <TestableReference skipped="NO" parallelizable="YES">
            <BuildableReference BuildableIdentifier="primary" BlueprintIdentifier="AAA000000000000000000006" BuildableName="Pages AheadTests.xctest" BlueprintName="Pages AheadTests" ReferencedContainer="container:Pages Ahead.xcodeproj"/>
         </TestableReference>
         <TestableReference skipped="NO" parallelizable="NO">
            <BuildableReference BuildableIdentifier="primary" BlueprintIdentifier="BBB000000000000000000006" BuildableName="Pages AheadUITests.xctest" BlueprintName="Pages AheadUITests" ReferencedContainer="container:Pages Ahead.xcodeproj"/>
         </TestableReference>
      </Testables>
   </TestAction>
   <LaunchAction buildConfiguration="Debug" selectedDebuggerIdentifier="Xcode.DebuggerFoundation.Debugger.LLDB" selectedLauncherIdentifier="Xcode.DebuggerFoundation.Launcher.LLDB" launchStyle="0" useCustomWorkingDirectory="NO" ignoresPersistentStateOnLaunch="NO" debugDocumentVersioning="YES" debugServiceExtension="internal" allowLocationSimulation="YES">
      <CommandLineArguments>
         <CommandLineArgument argument="-design-preview" isEnabled="NO"/>
      </CommandLineArguments>
      <BuildableProductRunnable runnableDebuggingMode="0">
         <BuildableReference BuildableIdentifier="primary" BlueprintIdentifier="6469B0873052692A008997FF" BuildableName="Pages Ahead.app" BlueprintName="Pages Ahead" ReferencedContainer="container:Pages Ahead.xcodeproj"/>
      </BuildableProductRunnable>
   </LaunchAction>
   <ProfileAction buildConfiguration="Release" shouldUseLaunchSchemeArgsEnv="YES" savedToolIdentifier="" useCustomWorkingDirectory="NO" debugDocumentVersioning="YES">
      <BuildableProductRunnable runnableDebuggingMode="0">
         <BuildableReference BuildableIdentifier="primary" BlueprintIdentifier="6469B0873052692A008997FF" BuildableName="Pages Ahead.app" BlueprintName="Pages Ahead" ReferencedContainer="container:Pages Ahead.xcodeproj"/>
      </BuildableProductRunnable>
   </ProfileAction>
   <AnalyzeAction buildConfiguration="Debug"/>
   <ArchiveAction buildConfiguration="Release" revealArchiveInOrganizer="YES"/>
</Scheme>
